%{
  "blake2": {:hex, :blake2, "1.0.1", "4435da3e2f5782c7230d78174da29591e6006b0dc8bf11c7f77488b19bc52b1b", [:mix], [], "hexpm"},
  "elixir_make": {:hex, :elixir_make, "0.4.2", "332c649d08c18bc1ecc73b1befc68c647136de4f340b548844efc796405743bf", [:mix], [], "hexpm"},
  "hexate": {:hex, :hexate, "0.6.1", "1cea42e462c1daa32223127d4752e71016c3d933d492b9bb7fa4709a4a0fd50d", [:mix], [], "hexpm"},
  "hkdf": {:hex, :hkdf, "0.1.0", "24f5bb27eb2b00f183004e403eaea813ed3ad7da0c3ddec259871b10ae3fa4a9", [:mix], [], "hexpm"},
  "paseto": {:hex, :paseto, "0.3.0", "13d8f62589ba0ceced0a0ddc3e902c102cb8744742523c662e61b3121852db87", [:mix], [{:blake2, "~> 1.0", [hex: :blake2, repo: "hexpm", optional: false]}, {:hexate, ">= 0.6.0", [hex: :hexate, repo: "hexpm", optional: false]}, {:hkdf, "~> 0.1.0", [hex: :hkdf, repo: "hexpm", optional: false]}, {:salty, "~> 0.1.3", [hex: :libsalty, repo: "hexpm", optional: false]}], "hexpm"},
  "salty": {:hex, :libsalty, "0.1.3", "13332eb13ac995f5deb76903b44f96f740e1e3a6e511222bffdd8b42cd079ffb", [:make, :mix], [{:elixir_make, "~> 0.4", [hex: :elixir_make, repo: "hexpm", optional: false]}], "hexpm"},
}
